
Microsoft Visual Studio Solution File, Format Version 12.00
# Visual Studio 15
VisualStudioVersion = 15.0.28307.271
MinimumVisualStudioVersion = 10.0.40219.1
Project("{9A19103F-16F7-4668-BE54-9A1E7A4F7556}") = "Graft", "src\Graft\Graft.csproj", "{1F1DA8E4-A44F-44D2-8F4B-88DA14D72C7A}"
EndProject
Project("{9A19103F-16F7-4668-BE54-9A1E7A4F7556}") = "Graft.Algorithms", "src\Graft.Algorithms\Graft.Algorithms.csproj", "{70798768-6166-44E5-AE8B-438ECD3FF2DC}"
EndProject
Project("{9A19103F-16F7-4668-BE54-9A1E7A4F7556}") = "Graft.Algorithms.Tests", "test\Graft.Algorithms.Test\Graft.Algorithms.Tests.csproj", "{B2266D4C-4EC6-41AB-9B88-E17B3DC63EE5}"
EndProject
Project("{2150E333-8FDC-42A3-9474-1A3956D46DE8}") = "Solution Items", "Solution Items", "{E4716C10-1C82-4BF5-9083-8A4AE8CC5258}"
	ProjectSection(SolutionItems) = preProject
		README.md = README.md
	EndProjectSection
EndProject
Project("{9A19103F-16F7-4668-BE54-9A1E7A4F7556}") = "Graft.Tests", "test\Graft.Tests\Graft.Tests.csproj", "{7F8A0507-ED89-4416-8DD9-5E79E8FBE439}"
EndProject
Project("{9A19103F-16F7-4668-BE54-9A1E7A4F7556}") = "Graft.Labs.ConnectedComponents", "labs\ConnectedComponents\Graft.Labs.ConnectedComponents.csproj", "{179868AF-0249-40FC-BD85-0801C1A9ECAD}"
EndProject
Project("{9A19103F-16F7-4668-BE54-9A1E7A4F7556}") = "Graft.Labs.MinimumSpanningTree", "labs\Graft.Labs.MinimumSpanningTree\Graft.Labs.MinimumSpanningTree.csproj", "{44814564-42FF-43DE-8AA4-53D6FD49C89C}"
EndProject
Project("{9A19103F-16F7-4668-BE54-9A1E7A4F7556}") = "Graft.DataStructures", "src\Graft.DataStructures\Graft.DataStructures.csproj", "{77FBC136-21A6-4E78-98D8-B8FF48E821BD}"
EndProject
Project("{9A19103F-16F7-4668-BE54-9A1E7A4F7556}") = "Graft.Labs.Utilities", "labs\Graft.Labs.Utilities\Graft.Labs.Utilities.csproj", "{94F2A1C7-6BEB-4C2C-B3A7-E61DBD6590E0}"
EndProject
Project("{9A19103F-16F7-4668-BE54-9A1E7A4F7556}") = "Graft.DataStructures.Test", "test\Graft.DataStructures.Test\Graft.DataStructures.Test.csproj", "{9C37715C-AF40-474C-94A7-13EDD4ACCD7E}"
EndProject
Project("{9A19103F-16F7-4668-BE54-9A1E7A4F7556}") = "Graft.Labs.TravelingSalesmanProblem", "labs\Graft.Labs.TravelingSalesmanProblem\Graft.Labs.TravelingSalesmanProblem.csproj", "{45EFB9A7-EABC-4BE7-A7DE-135B25CE7F9C}"
EndProject
Project("{FAE04EC0-301F-11D3-BF4B-00C04F79EFBC}") = "Graft.BalanceGraph", "src\Graft.BalanceGraph\Graft.BalanceGraph.csproj", "{65E7A1EB-7127-44F2-A482-4BF10CD32713}"
EndProject
Global
	GlobalSection(SolutionConfigurationPlatforms) = preSolution
		Debug|Any CPU = Debug|Any CPU
		Debug|x64 = Debug|x64
		Release|Any CPU = Release|Any CPU
		Release|x64 = Release|x64
	EndGlobalSection
	GlobalSection(ProjectConfigurationPlatforms) = postSolution
		{1F1DA8E4-A44F-44D2-8F4B-88DA14D72C7A}.Debug|Any CPU.ActiveCfg = Debug|Any CPU
		{1F1DA8E4-A44F-44D2-8F4B-88DA14D72C7A}.Debug|Any CPU.Build.0 = Debug|Any CPU
		{1F1DA8E4-A44F-44D2-8F4B-88DA14D72C7A}.Debug|x64.ActiveCfg = Debug|Any CPU
		{1F1DA8E4-A44F-44D2-8F4B-88DA14D72C7A}.Debug|x64.Build.0 = Debug|Any CPU
		{1F1DA8E4-A44F-44D2-8F4B-88DA14D72C7A}.Release|Any CPU.ActiveCfg = Release|Any CPU
		{1F1DA8E4-A44F-44D2-8F4B-88DA14D72C7A}.Release|Any CPU.Build.0 = Release|Any CPU
		{1F1DA8E4-A44F-44D2-8F4B-88DA14D72C7A}.Release|x64.ActiveCfg = Release|Any CPU
		{1F1DA8E4-A44F-44D2-8F4B-88DA14D72C7A}.Release|x64.Build.0 = Release|Any CPU
		{70798768-6166-44E5-AE8B-438ECD3FF2DC}.Debug|Any CPU.ActiveCfg = Debug|Any CPU
		{70798768-6166-44E5-AE8B-438ECD3FF2DC}.Debug|Any CPU.Build.0 = Debug|Any CPU
		{70798768-6166-44E5-AE8B-438ECD3FF2DC}.Debug|x64.ActiveCfg = Debug|Any CPU
		{70798768-6166-44E5-AE8B-438ECD3FF2DC}.Debug|x64.Build.0 = Debug|Any CPU
		{70798768-6166-44E5-AE8B-438ECD3FF2DC}.Release|Any CPU.ActiveCfg = Release|Any CPU
		{70798768-6166-44E5-AE8B-438ECD3FF2DC}.Release|Any CPU.Build.0 = Release|Any CPU
		{70798768-6166-44E5-AE8B-438ECD3FF2DC}.Release|x64.ActiveCfg = Release|Any CPU
		{70798768-6166-44E5-AE8B-438ECD3FF2DC}.Release|x64.Build.0 = Release|Any CPU
		{B2266D4C-4EC6-41AB-9B88-E17B3DC63EE5}.Debug|Any CPU.ActiveCfg = Debug|Any CPU
		{B2266D4C-4EC6-41AB-9B88-E17B3DC63EE5}.Debug|Any CPU.Build.0 = Debug|Any CPU
		{B2266D4C-4EC6-41AB-9B88-E17B3DC63EE5}.Debug|x64.ActiveCfg = Debug|Any CPU
		{B2266D4C-4EC6-41AB-9B88-E17B3DC63EE5}.Debug|x64.Build.0 = Debug|Any CPU
		{B2266D4C-4EC6-41AB-9B88-E17B3DC63EE5}.Release|Any CPU.ActiveCfg = Release|Any CPU
		{B2266D4C-4EC6-41AB-9B88-E17B3DC63EE5}.Release|Any CPU.Build.0 = Release|Any CPU
		{B2266D4C-4EC6-41AB-9B88-E17B3DC63EE5}.Release|x64.ActiveCfg = Release|Any CPU
		{B2266D4C-4EC6-41AB-9B88-E17B3DC63EE5}.Release|x64.Build.0 = Release|Any CPU
		{7F8A0507-ED89-4416-8DD9-5E79E8FBE439}.Debug|Any CPU.ActiveCfg = Debug|Any CPU
		{7F8A0507-ED89-4416-8DD9-5E79E8FBE439}.Debug|Any CPU.Build.0 = Debug|Any CPU
		{7F8A0507-ED89-4416-8DD9-5E79E8FBE439}.Debug|x64.ActiveCfg = Debug|Any CPU
		{7F8A0507-ED89-4416-8DD9-5E79E8FBE439}.Debug|x64.Build.0 = Debug|Any CPU
		{7F8A0507-ED89-4416-8DD9-5E79E8FBE439}.Release|Any CPU.ActiveCfg = Release|Any CPU
		{7F8A0507-ED89-4416-8DD9-5E79E8FBE439}.Release|Any CPU.Build.0 = Release|Any CPU
		{7F8A0507-ED89-4416-8DD9-5E79E8FBE439}.Release|x64.ActiveCfg = Release|Any CPU
		{7F8A0507-ED89-4416-8DD9-5E79E8FBE439}.Release|x64.Build.0 = Release|Any CPU
		{179868AF-0249-40FC-BD85-0801C1A9ECAD}.Debug|Any CPU.ActiveCfg = Debug|Any CPU
		{179868AF-0249-40FC-BD85-0801C1A9ECAD}.Debug|Any CPU.Build.0 = Debug|Any CPU
		{179868AF-0249-40FC-BD85-0801C1A9ECAD}.Debug|x64.ActiveCfg = Debug|x64
		{179868AF-0249-40FC-BD85-0801C1A9ECAD}.Debug|x64.Build.0 = Debug|x64
		{179868AF-0249-40FC-BD85-0801C1A9ECAD}.Release|Any CPU.ActiveCfg = Release|Any CPU
		{179868AF-0249-40FC-BD85-0801C1A9ECAD}.Release|Any CPU.Build.0 = Release|Any CPU
		{179868AF-0249-40FC-BD85-0801C1A9ECAD}.Release|x64.ActiveCfg = Release|x64
		{179868AF-0249-40FC-BD85-0801C1A9ECAD}.Release|x64.Build.0 = Release|x64
		{44814564-42FF-43DE-8AA4-53D6FD49C89C}.Debug|Any CPU.ActiveCfg = Debug|Any CPU
		{44814564-42FF-43DE-8AA4-53D6FD49C89C}.Debug|Any CPU.Build.0 = Debug|Any CPU
		{44814564-42FF-43DE-8AA4-53D6FD49C89C}.Debug|x64.ActiveCfg = Debug|Any CPU
		{44814564-42FF-43DE-8AA4-53D6FD49C89C}.Debug|x64.Build.0 = Debug|Any CPU
		{44814564-42FF-43DE-8AA4-53D6FD49C89C}.Release|Any CPU.ActiveCfg = Release|Any CPU
		{44814564-42FF-43DE-8AA4-53D6FD49C89C}.Release|Any CPU.Build.0 = Release|Any CPU
		{44814564-42FF-43DE-8AA4-53D6FD49C89C}.Release|x64.ActiveCfg = Release|Any CPU
		{44814564-42FF-43DE-8AA4-53D6FD49C89C}.Release|x64.Build.0 = Release|Any CPU
		{77FBC136-21A6-4E78-98D8-B8FF48E821BD}.Debug|Any CPU.ActiveCfg = Debug|Any CPU
		{77FBC136-21A6-4E78-98D8-B8FF48E821BD}.Debug|Any CPU.Build.0 = Debug|Any CPU
		{77FBC136-21A6-4E78-98D8-B8FF48E821BD}.Debug|x64.ActiveCfg = Debug|Any CPU
		{77FBC136-21A6-4E78-98D8-B8FF48E821BD}.Debug|x64.Build.0 = Debug|Any CPU
		{77FBC136-21A6-4E78-98D8-B8FF48E821BD}.Release|Any CPU.ActiveCfg = Release|Any CPU
		{77FBC136-21A6-4E78-98D8-B8FF48E821BD}.Release|Any CPU.Build.0 = Release|Any CPU
		{77FBC136-21A6-4E78-98D8-B8FF48E821BD}.Release|x64.ActiveCfg = Release|Any CPU
		{77FBC136-21A6-4E78-98D8-B8FF48E821BD}.Release|x64.Build.0 = Release|Any CPU
		{94F2A1C7-6BEB-4C2C-B3A7-E61DBD6590E0}.Debug|Any CPU.ActiveCfg = Debug|Any CPU
		{94F2A1C7-6BEB-4C2C-B3A7-E61DBD6590E0}.Debug|Any CPU.Build.0 = Debug|Any CPU
		{94F2A1C7-6BEB-4C2C-B3A7-E61DBD6590E0}.Debug|x64.ActiveCfg = Debug|Any CPU
		{94F2A1C7-6BEB-4C2C-B3A7-E61DBD6590E0}.Debug|x64.Build.0 = Debug|Any CPU
		{94F2A1C7-6BEB-4C2C-B3A7-E61DBD6590E0}.Release|Any CPU.ActiveCfg = Release|Any CPU
		{94F2A1C7-6BEB-4C2C-B3A7-E61DBD6590E0}.Release|Any CPU.Build.0 = Release|Any CPU
		{94F2A1C7-6BEB-4C2C-B3A7-E61DBD6590E0}.Release|x64.ActiveCfg = Release|Any CPU
		{94F2A1C7-6BEB-4C2C-B3A7-E61DBD6590E0}.Release|x64.Build.0 = Release|Any CPU
		{9C37715C-AF40-474C-94A7-13EDD4ACCD7E}.Debug|Any CPU.ActiveCfg = Debug|Any CPU
		{9C37715C-AF40-474C-94A7-13EDD4ACCD7E}.Debug|Any CPU.Build.0 = Debug|Any CPU
		{9C37715C-AF40-474C-94A7-13EDD4ACCD7E}.Debug|x64.ActiveCfg = Debug|Any CPU
		{9C37715C-AF40-474C-94A7-13EDD4ACCD7E}.Debug|x64.Build.0 = Debug|Any CPU
		{9C37715C-AF40-474C-94A7-13EDD4ACCD7E}.Release|Any CPU.ActiveCfg = Release|Any CPU
		{9C37715C-AF40-474C-94A7-13EDD4ACCD7E}.Release|Any CPU.Build.0 = Release|Any CPU
		{9C37715C-AF40-474C-94A7-13EDD4ACCD7E}.Release|x64.ActiveCfg = Release|Any CPU
		{9C37715C-AF40-474C-94A7-13EDD4ACCD7E}.Release|x64.Build.0 = Release|Any CPU
		{45EFB9A7-EABC-4BE7-A7DE-135B25CE7F9C}.Debug|Any CPU.ActiveCfg = Debug|Any CPU
		{45EFB9A7-EABC-4BE7-A7DE-135B25CE7F9C}.Debug|Any CPU.Build.0 = Debug|Any CPU
		{45EFB9A7-EABC-4BE7-A7DE-135B25CE7F9C}.Debug|x64.ActiveCfg = Debug|Any CPU
		{45EFB9A7-EABC-4BE7-A7DE-135B25CE7F9C}.Debug|x64.Build.0 = Debug|Any CPU
		{45EFB9A7-EABC-4BE7-A7DE-135B25CE7F9C}.Release|Any CPU.ActiveCfg = Release|Any CPU
		{45EFB9A7-EABC-4BE7-A7DE-135B25CE7F9C}.Release|Any CPU.Build.0 = Release|Any CPU
		{45EFB9A7-EABC-4BE7-A7DE-135B25CE7F9C}.Release|x64.ActiveCfg = Release|Any CPU
		{45EFB9A7-EABC-4BE7-A7DE-135B25CE7F9C}.Release|x64.Build.0 = Release|Any CPU
		{65E7A1EB-7127-44F2-A482-4BF10CD32713}.Debug|Any CPU.ActiveCfg = Debug|Any CPU
		{65E7A1EB-7127-44F2-A482-4BF10CD32713}.Debug|Any CPU.Build.0 = Debug|Any CPU
		{65E7A1EB-7127-44F2-A482-4BF10CD32713}.Debug|x64.ActiveCfg = Debug|Any CPU
		{65E7A1EB-7127-44F2-A482-4BF10CD32713}.Debug|x64.Build.0 = Debug|Any CPU
		{65E7A1EB-7127-44F2-A482-4BF10CD32713}.Release|Any CPU.ActiveCfg = Release|Any CPU
		{65E7A1EB-7127-44F2-A482-4BF10CD32713}.Release|Any CPU.Build.0 = Release|Any CPU
		{65E7A1EB-7127-44F2-A482-4BF10CD32713}.Release|x64.ActiveCfg = Release|Any CPU
		{65E7A1EB-7127-44F2-A482-4BF10CD32713}.Release|x64.Build.0 = Release|Any CPU
	EndGlobalSection
	GlobalSection(SolutionProperties) = preSolution
		HideSolutionNode = FALSE
	EndGlobalSection
	GlobalSection(ExtensibilityGlobals) = postSolution
		SolutionGuid = {171A5330-9CB8-4E9F-8965-68AF87071AFE}
	EndGlobalSection
EndGlobal
